
Microsoft Visual Studio Solution File, Format Version 12.00
# Visual Studio 14
VisualStudioVersion = 14.0.23107.0
MinimumVisualStudioVersion = 10.0.40219.1
Project("{E24C65DC-7377-472B-9ABA-BC803B73C61A}") = "IranianBankLogos-ghpages", ".", "{4899ACF4-4AB3-4065-9C46-176389E27BBD}"
	ProjectSection(WebsiteProperties) = preProject
		TargetFrameworkMoniker = ".NETFramework,Version%3Dv4.0"
		Debug.AspNetCompiler.VirtualPath = "/localhost_3469"
		Debug.AspNetCompiler.PhysicalPath = "..\IranianBankLogos-ghpages\"
		Debug.AspNetCompiler.TargetPath = "PrecompiledWeb\localhost_3469\"
		Debug.AspNetCompiler.Updateable = "true"
		Debug.AspNetCompiler.ForceOverwrite = "true"
		Debug.AspNetCompiler.FixedNames = "false"
		Debug.AspNetCompiler.Debug = "True"
		Release.AspNetCompiler.VirtualPath = "/localhost_3469"
		Release.AspNetCompiler.PhysicalPath = "..\IranianBankLogos-ghpages\"
		Release.AspNetCompiler.TargetPath = "PrecompiledWeb\localhost_3469\"
		Release.AspNetCompiler.Updateable = "true"
		Release.AspNetCompiler.ForceOverwrite = "true"
		Release.AspNetCompiler.FixedNames = "false"
		Release.AspNetCompiler.Debug = "False"
		VWDPort = "3469"
		SlnRelativePath = "..\IranianBankLogos-ghpages\"
	EndProjectSection
EndProject
Global
	GlobalSection(SolutionConfigurationPlatforms) = preSolution
		Debug|Any CPU = Debug|Any CPU
	EndGlobalSection
	GlobalSection(ProjectConfigurationPlatforms) = postSolution
		{4899ACF4-4AB3-4065-9C46-176389E27BBD}.Debug|Any CPU.ActiveCfg = Debug|Any CPU
		{4899ACF4-4AB3-4065-9C46-176389E27BBD}.Debug|Any CPU.Build.0 = Debug|Any CPU
	EndGlobalSection
	GlobalSection(SolutionProperties) = preSolution
		HideSolutionNode = FALSE
	EndGlobalSection
EndGlobal
